{
  "name": "project",
  "version": "1.0.0",
  "lockfileVersion": 2,
  "requires": true,
  "packages": {
    "": {
      "version": "1.0.0",
      "license": "ISC",
      "dependencies": {
        "is-prime": "^1.0.1"
      }
    },
    "node_modules/is-finite": {
      "version": "1.1.0",
      "resolved": "https://registry.npmjs.org/is-finite/-/is-finite-1.1.0.tgz",
      "integrity": "sha512-cdyMtqX/BOqqNBBiKlIVkytNHm49MtMlYyn1zxzvJKWmFMlGzm+ry5BBfYyeY9YmNKbRSo/o7OX9w9ale0wg3w==",
      "engines": {
        "node": ">=0.10.0"
      },
      "funding": {
        "url": "https://github.com/sponsors/sindresorhus"
      }
    },
    "node_modules/is-prime": {
      "version": "1.0.1",
      "resolved": "https://registry.npmjs.org/is-prime/-/is-prime-1.0.1.tgz",
      "integrity": "sha1-stc1sRkQ7z1Bdb913k6INcSosd4=",
      "dependencies": {
        "number-is-integer": "*"
      },
      "engines": {
        "node": ">=0.10.0"
      }
    },
    "node_modules/number-is-integer": {
      "version": "1.0.1",
      "resolved": "https://registry.npmjs.org/number-is-integer/-/number-is-integer-1.0.1.tgz",
      "integrity": "sha1-5ZvKFy/+0nMY55x862y3LAlbIVI=",
      "dependencies": {
        "is-finite": "^1.0.1"
      },
      "engines": {
        "node": ">=0.10.0"
      }
    }
  },
  "dependencies": {
    "is-finite": {
      "version": "1.1.0",
      "resolved": "https://registry.npmjs.org/is-finite/-/is-finite-1.1.0.tgz",
      "integrity": "sha512-cdyMtqX/BOqqNBBiKlIVkytNHm49MtMlYyn1zxzvJKWmFMlGzm+ry5BBfYyeY9YmNKbRSo/o7OX9w9ale0wg3w=="
    },
    "is-prime": {
      "version": "1.0.1",
      "resolved": "https://registry.npmjs.org/is-prime/-/is-prime-1.0.1.tgz",
      "integrity": "sha1-stc1sRkQ7z1Bdb913k6INcSosd4=",
      "requires": {
        "number-is-integer": "*"
      }
    },
    "number-is-integer": {
      "version": "1.0.1",
      "resolved": "https://registry.npmjs.org/number-is-integer/-/number-is-integer-1.0.1.tgz",
      "integrity": "sha1-5ZvKFy/+0nMY55x862y3LAlbIVI=",
      "requires": {
        "is-finite": "^1.0.1"
      }
    }
  }
}
